
Microsoft Visual Studio Solution File, Format Version 12.00
# Visual Studio 15
VisualStudioVersion = 15.0.26124.0
MinimumVisualStudioVersion = 15.0.26124.0
Project("{FAE04EC0-301F-11D3-BF4B-00C04F79EFBC}") = "WebAPI", "WebAPI\WebAPI.csproj", "{02A2543B-B167-41FF-87F5-E9194EEB9C08}"
EndProject
Project("{FAE04EC0-301F-11D3-BF4B-00C04F79EFBC}") = "Domain", "Domain\Domain.csproj", "{ABAD67CE-5281-49B1-9376-266940EC53EA}"
EndProject
Project("{FAE04EC0-301F-11D3-BF4B-00C04F79EFBC}") = "Repository", "Repository\Repository.csproj", "{243EB4E1-6065-4A4E-A420-80F5B7E21013}"
EndProject
Project("{FAE04EC0-301F-11D3-BF4B-00C04F79EFBC}") = "Service", "Service\Service.csproj", "{ABC5149B-79A4-4888-973B-C0753C881AE9}"
EndProject
Global
	GlobalSection(SolutionConfigurationPlatforms) = preSolution
		Debug|Any CPU = Debug|Any CPU
		Debug|x64 = Debug|x64
		Debug|x86 = Debug|x86
		Release|Any CPU = Release|Any CPU
		Release|x64 = Release|x64
		Release|x86 = Release|x86
	EndGlobalSection
	GlobalSection(SolutionProperties) = preSolution
		HideSolutionNode = FALSE
	EndGlobalSection
	GlobalSection(ProjectConfigurationPlatforms) = postSolution
		{02A2543B-B167-41FF-87F5-E9194EEB9C08}.Debug|Any CPU.ActiveCfg = Debug|Any CPU
		{02A2543B-B167-41FF-87F5-E9194EEB9C08}.Debug|Any CPU.Build.0 = Debug|Any CPU
		{02A2543B-B167-41FF-87F5-E9194EEB9C08}.Debug|x64.ActiveCfg = Debug|Any CPU
		{02A2543B-B167-41FF-87F5-E9194EEB9C08}.Debug|x64.Build.0 = Debug|Any CPU
		{02A2543B-B167-41FF-87F5-E9194EEB9C08}.Debug|x86.ActiveCfg = Debug|Any CPU
		{02A2543B-B167-41FF-87F5-E9194EEB9C08}.Debug|x86.Build.0 = Debug|Any CPU
		{02A2543B-B167-41FF-87F5-E9194EEB9C08}.Release|Any CPU.ActiveCfg = Release|Any CPU
		{02A2543B-B167-41FF-87F5-E9194EEB9C08}.Release|Any CPU.Build.0 = Release|Any CPU
		{02A2543B-B167-41FF-87F5-E9194EEB9C08}.Release|x64.ActiveCfg = Release|Any CPU
		{02A2543B-B167-41FF-87F5-E9194EEB9C08}.Release|x64.Build.0 = Release|Any CPU
		{02A2543B-B167-41FF-87F5-E9194EEB9C08}.Release|x86.ActiveCfg = Release|Any CPU
		{02A2543B-B167-41FF-87F5-E9194EEB9C08}.Release|x86.Build.0 = Release|Any CPU
		{ABAD67CE-5281-49B1-9376-266940EC53EA}.Debug|Any CPU.ActiveCfg = Debug|Any CPU
		{ABAD67CE-5281-49B1-9376-266940EC53EA}.Debug|Any CPU.Build.0 = Debug|Any CPU
		{ABAD67CE-5281-49B1-9376-266940EC53EA}.Debug|x64.ActiveCfg = Debug|Any CPU
		{ABAD67CE-5281-49B1-9376-266940EC53EA}.Debug|x64.Build.0 = Debug|Any CPU
		{ABAD67CE-5281-49B1-9376-266940EC53EA}.Debug|x86.ActiveCfg = Debug|Any CPU
		{ABAD67CE-5281-49B1-9376-266940EC53EA}.Debug|x86.Build.0 = Debug|Any CPU
		{ABAD67CE-5281-49B1-9376-266940EC53EA}.Release|Any CPU.ActiveCfg = Release|Any CPU
		{ABAD67CE-5281-49B1-9376-266940EC53EA}.Release|Any CPU.Build.0 = Release|Any CPU
		{ABAD67CE-5281-49B1-9376-266940EC53EA}.Release|x64.ActiveCfg = Release|Any CPU
		{ABAD67CE-5281-49B1-9376-266940EC53EA}.Release|x64.Build.0 = Release|Any CPU
		{ABAD67CE-5281-49B1-9376-266940EC53EA}.Release|x86.ActiveCfg = Release|Any CPU
		{ABAD67CE-5281-49B1-9376-266940EC53EA}.Release|x86.Build.0 = Release|Any CPU
		{243EB4E1-6065-4A4E-A420-80F5B7E21013}.Debug|Any CPU.ActiveCfg = Debug|Any CPU
		{243EB4E1-6065-4A4E-A420-80F5B7E21013}.Debug|Any CPU.Build.0 = Debug|Any CPU
		{243EB4E1-6065-4A4E-A420-80F5B7E21013}.Debug|x64.ActiveCfg = Debug|Any CPU
		{243EB4E1-6065-4A4E-A420-80F5B7E21013}.Debug|x64.Build.0 = Debug|Any CPU
		{243EB4E1-6065-4A4E-A420-80F5B7E21013}.Debug|x86.ActiveCfg = Debug|Any CPU
		{243EB4E1-6065-4A4E-A420-80F5B7E21013}.Debug|x86.Build.0 = Debug|Any CPU
		{243EB4E1-6065-4A4E-A420-80F5B7E21013}.Release|Any CPU.ActiveCfg = Release|Any CPU
		{243EB4E1-6065-4A4E-A420-80F5B7E21013}.Release|Any CPU.Build.0 = Release|Any CPU
		{243EB4E1-6065-4A4E-A420-80F5B7E21013}.Release|x64.ActiveCfg = Release|Any CPU
		{243EB4E1-6065-4A4E-A420-80F5B7E21013}.Release|x64.Build.0 = Release|Any CPU
		{243EB4E1-6065-4A4E-A420-80F5B7E21013}.Release|x86.ActiveCfg = Release|Any CPU
		{243EB4E1-6065-4A4E-A420-80F5B7E21013}.Release|x86.Build.0 = Release|Any CPU
		{ABC5149B-79A4-4888-973B-C0753C881AE9}.Debug|Any CPU.ActiveCfg = Debug|Any CPU
		{ABC5149B-79A4-4888-973B-C0753C881AE9}.Debug|Any CPU.Build.0 = Debug|Any CPU
		{ABC5149B-79A4-4888-973B-C0753C881AE9}.Debug|x64.ActiveCfg = Debug|Any CPU
		{ABC5149B-79A4-4888-973B-C0753C881AE9}.Debug|x64.Build.0 = Debug|Any CPU
		{ABC5149B-79A4-4888-973B-C0753C881AE9}.Debug|x86.ActiveCfg = Debug|Any CPU
		{ABC5149B-79A4-4888-973B-C0753C881AE9}.Debug|x86.Build.0 = Debug|Any CPU
		{ABC5149B-79A4-4888-973B-C0753C881AE9}.Release|Any CPU.ActiveCfg = Release|Any CPU
		{ABC5149B-79A4-4888-973B-C0753C881AE9}.Release|Any CPU.Build.0 = Release|Any CPU
		{ABC5149B-79A4-4888-973B-C0753C881AE9}.Release|x64.ActiveCfg = Release|Any CPU
		{ABC5149B-79A4-4888-973B-C0753C881AE9}.Release|x64.Build.0 = Release|Any CPU
		{ABC5149B-79A4-4888-973B-C0753C881AE9}.Release|x86.ActiveCfg = Release|Any CPU
		{ABC5149B-79A4-4888-973B-C0753C881AE9}.Release|x86.Build.0 = Release|Any CPU
	EndGlobalSection
EndGlobal
